// !$*UTF8*$!
{
	archiveVersion = 1;
	classes = {
	};
	objectVersion = 56;
	objects = {

/* Begin PBXBuildFile section */
		48B322612BD0C0D600789C97 /* AppDelegate.swift in Sources */ = {isa = PBXBuildFile; fileRef = 48B322602BD0C0D600789C97 /* AppDelegate.swift */; };
		48B322632BD0C0D600789C97 /* SceneDelegate.swift in Sources */ = {isa = PBXBuildFile; fileRef = 48B322622BD0C0D600789C97 /* SceneDelegate.swift */; };
		48B322652BD0C0D600789C97 /* ViewController.swift in Sources */ = {isa = PBXBuildFile; fileRef = 48B322642BD0C0D600789C97 /* ViewController.swift */; };
		48B322682BD0C0D600789C97 /* Main.storyboard in Resources */ = {isa = PBXBuildFile; fileRef = 48B322662BD0C0D600789C97 /* Main.storyboard */; };
		48B3226A2BD0C0DA00789C97 /* Assets.xcassets in Resources */ = {isa = PBXBuildFile; fileRef = 48B322692BD0C0DA00789C97 /* Assets.xcassets */; };
		48B3226D2BD0C0DA00789C97 /* LaunchScreen.storyboard in Resources */ = {isa = PBXBuildFile; fileRef = 48B3226B2BD0C0DA00789C97 /* LaunchScreen.storyboard */; };
		48B322782BD0C0DB00789C97 /* LazyLoadingImageTests.swift in Sources */ = {isa = PBXBuildFile; fileRef = 48B322772BD0C0DB00789C97 /* LazyLoadingImageTests.swift */; };
		48B322822BD0C0DB00789C97 /* LazyLoadingImageUITests.swift in Sources */ = {isa = PBXBuildFile; fileRef = 48B322812BD0C0DB00789C97 /* LazyLoadingImageUITests.swift */; };
		48B322842BD0C0DB00789C97 /* LazyLoadingImageUITestsLaunchTests.swift in Sources */ = {isa = PBXBuildFile; fileRef = 48B322832BD0C0DB00789C97 /* LazyLoadingImageUITestsLaunchTests.swift */; };
/* End PBXBuildFile section */

/* Begin PBXContainerItemProxy section */
		48B322742BD0C0DB00789C97 /* PBXContainerItemProxy */ = {
			isa = PBXContainerItemProxy;
			containerPortal = 48B322552BD0C0D600789C97 /* Project object */;
			proxyType = 1;
			remoteGlobalIDString = 48B3225C2BD0C0D600789C97;
			remoteInfo = LazyLoadingImage;
		};
		48B3227E2BD0C0DB00789C97 /* PBXContainerItemProxy */ = {
			isa = PBXContainerItemProxy;
			containerPortal = 48B322552BD0C0D600789C97 /* Project object */;
			proxyType = 1;
			remoteGlobalIDString = 48B3225C2BD0C0D600789C97;
			remoteInfo = LazyLoadingImage;
		};
/* End PBXContainerItemProxy section */

/* Begin PBXFileReference section */
		48B3225D2BD0C0D600789C97 /* LazyLoadingImage.app */ = {isa = PBXFileReference; explicitFileType = wrapper.application; includeInIndex = 0; path = LazyLoadingImage.app; sourceTree = BUILT_PRODUCTS_DIR; };
		48B322602BD0C0D600789C97 /* AppDelegate.swift */ = {isa = PBXFileReference; lastKnownFileType = sourcecode.swift; path = AppDelegate.swift; sourceTree = "<group>"; };
		48B322622BD0C0D600789C97 /* SceneDelegate.swift */ = {isa = PBXFileReference; lastKnownFileType = sourcecode.swift; path = SceneDelegate.swift; sourceTree = "<group>"; };
		48B322642BD0C0D600789C97 /* ViewController.swift */ = {isa = PBXFileReference; lastKnownFileType = sourcecode.swift; path = ViewController.swift; sourceTree = "<group>"; };
		48B322672BD0C0D600789C97 /* Base */ = {isa = PBXFileReference; lastKnownFileType = file.storyboard; name = Base; path = Base.lproj/Main.storyboard; sourceTree = "<group>"; };
		48B322692BD0C0DA00789C97 /* Assets.xcassets */ = {isa = PBXFileReference; lastKnownFileType = folder.assetcatalog; path = Assets.xcassets; sourceTree = "<group>"; };
		48B3226C2BD0C0DA00789C97 /* Base */ = {isa = PBXFileReference; lastKnownFileType = file.storyboard; name = Base; path = Base.lproj/LaunchScreen.storyboard; sourceTree = "<group>"; };
		48B3226E2BD0C0DA00789C97 /* Info.plist */ = {isa = PBXFileReference; lastKnownFileType = text.plist.xml; path = Info.plist; sourceTree = "<group>"; };
		48B322732BD0C0DB00789C97 /* LazyLoadingImageTests.xctest */ = {isa = PBXFileReference; explicitFileType = wrapper.cfbundle; includeInIndex = 0; path = LazyLoadingImageTests.xctest; sourceTree = BUILT_PRODUCTS_DIR; };
		48B322772BD0C0DB00789C97 /* LazyLoadingImageTests.swift */ = {isa = PBXFileReference; lastKnownFileType = sourcecode.swift; path = LazyLoadingImageTests.swift; sourceTree = "<group>"; };
		48B3227D2BD0C0DB00789C97 /* LazyLoadingImageUITests.xctest */ = {isa = PBXFileReference; explicitFileType = wrapper.cfbundle; includeInIndex = 0; path = LazyLoadingImageUITests.xctest; sourceTree = BUILT_PRODUCTS_DIR; };
		48B322812BD0C0DB00789C97 /* LazyLoadingImageUITests.swift */ = {isa = PBXFileReference; lastKnownFileType = sourcecode.swift; path = LazyLoadingImageUITests.swift; sourceTree = "<group>"; };
		48B322832BD0C0DB00789C97 /* LazyLoadingImageUITestsLaunchTests.swift */ = {isa = PBXFileReference; lastKnownFileType = sourcecode.swift; path = LazyLoadingImageUITestsLaunchTests.swift; sourceTree = "<group>"; };
/* End PBXFileReference section */

/* Begin PBXFrameworksBuildPhase section */
		48B3225A2BD0C0D600789C97 /* Frameworks */ = {
			isa = PBXFrameworksBuildPhase;
			buildActionMask = 2147483647;
			files = (
			);
			runOnlyForDeploymentPostprocessing = 0;
		};
		48B322702BD0C0DB00789C97 /* Frameworks */ = {
			isa = PBXFrameworksBuildPhase;
			buildActionMask = 2147483647;
			files = (
			);
			runOnlyForDeploymentPostprocessing = 0;
		};
		48B3227A2BD0C0DB00789C97 /* Frameworks */ = {
			isa = PBXFrameworksBuildPhase;
			buildActionMask = 2147483647;
			files = (
			);
			runOnlyForDeploymentPostprocessing = 0;
		};
/* End PBXFrameworksBuildPhase section */

/* Begin PBXGroup section */
		48B322542BD0C0D600789C97 = {
			isa = PBXGroup;
			children = (
				48B3225F2BD0C0D600789C97 /* LazyLoadingImage */,
				48B322762BD0C0DB00789C97 /* LazyLoadingImageTests */,
				48B322802BD0C0DB00789C97 /* LazyLoadingImageUITests */,
				48B3225E2BD0C0D600789C97 /* Products */,
			);
			sourceTree = "<group>";
		};
		48B3225E2BD0C0D600789C97 /* Products */ = {
			isa = PBXGroup;
			children = (
				48B3225D2BD0C0D600789C97 /* LazyLoadingImage.app */,
				48B322732BD0C0DB00789C97 /* LazyLoadingImageTests.xctest */,
				48B3227D2BD0C0DB00789C97 /* LazyLoadingImageUITests.xctest */,
			);
			name = Products;
			sourceTree = "<group>";
		};
		48B3225F2BD0C0D600789C97 /* LazyLoadingImage */ = {
			isa = PBXGroup;
			children = (
				48B322602BD0C0D600789C97 /* AppDelegate.swift */,
				48B322622BD0C0D600789C97 /* SceneDelegate.swift */,
				48B322642BD0C0D600789C97 /* ViewController.swift */,
				48B322662BD0C0D600789C97 /* Main.storyboard */,
				48B322692BD0C0DA00789C97 /* Assets.xcassets */,
				48B3226B2BD0C0DA00789C97 /* LaunchScreen.storyboard */,
				48B3226E2BD0C0DA00789C97 /* Info.plist */,
			);
			path = LazyLoadingImage;
			sourceTree = "<group>";
		};
		48B322762BD0C0DB00789C97 /* LazyLoadingImageTests */ = {
			isa = PBXGroup;
			children = (
				48B322772BD0C0DB00789C97 /* LazyLoadingImageTests.swift */,
			);
			path = LazyLoadingImageTests;
			sourceTree = "<group>";
		};
		48B322802BD0C0DB00789C97 /* LazyLoadingImageUITests */ = {
			isa = PBXGroup;
			children = (
				48B322812BD0C0DB00789C97 /* LazyLoadingImageUITests.swift */,
				48B322832BD0C0DB00789C97 /* LazyLoadingImageUITestsLaunchTests.swift */,
			);
			path = LazyLoadingImageUITests;
			sourceTree = "<group>";
		};
/* End PBXGroup section */

/* Begin PBXNativeTarget section */
		48B3225C2BD0C0D600789C97 /* LazyLoadingImage */ = {
			isa = PBXNativeTarget;
			buildConfigurationList = 48B322872BD0C0DB00789C97 /* Build configuration list for PBXNativeTarget "LazyLoadingImage" */;
			buildPhases = (
				48B322592BD0C0D600789C97 /* Sources */,
				48B3225A2BD0C0D600789C97 /* Frameworks */,
				48B3225B2BD0C0D600789C97 /* Resources */,
			);
			buildRules = (
			);
			dependencies = (
			);
			name = LazyLoadingImage;
			productName = LazyLoadingImage;
			productReference = 48B3225D2BD0C0D600789C97 /* LazyLoadingImage.app */;
			productType = "com.apple.product-type.application";
		};
		48B322722BD0C0DB00789C97 /* LazyLoadingImageTests */ = {
			isa = PBXNativeTarget;
			buildConfigurationList = 48B3228A2BD0C0DB00789C97 /* Build configuration list for PBXNativeTarget "LazyLoadingImageTests" */;
			buildPhases = (
				48B3226F2BD0C0DB00789C97 /* Sources */,
				48B322702BD0C0DB00789C97 /* Frameworks */,
				48B322712BD0C0DB00789C97 /* Resources */,
			);
			buildRules = (
			);
			dependencies = (
				48B322752BD0C0DB00789C97 /* PBXTargetDependency */,
			);
			name = LazyLoadingImageTests;
			productName = LazyLoadingImageTests;
			productReference = 48B322732BD0C0DB00789C97 /* LazyLoadingImageTests.xctest */;
			productType = "com.apple.product-type.bundle.unit-test";
		};
		48B3227C2BD0C0DB00789C97 /* LazyLoadingImageUITests */ = {
			isa = PBXNativeTarget;
			buildConfigurationList = 48B3228D2BD0C0DB00789C97 /* Build configuration list for PBXNativeTarget "LazyLoadingImageUITests" */;
			buildPhases = (
				48B322792BD0C0DB00789C97 /* Sources */,
				48B3227A2BD0C0DB00789C97 /* Frameworks */,
				48B3227B2BD0C0DB00789C97 /* Resources */,
			);
			buildRules = (
			);
			dependencies = (
				48B3227F2BD0C0DB00789C97 /* PBXTargetDependency */,
			);
			name = LazyLoadingImageUITests;
			productName = LazyLoadingImageUITests;
			productReference = 48B3227D2BD0C0DB00789C97 /* LazyLoadingImageUITests.xctest */;
			productType = "com.apple.product-type.bundle.ui-testing";
		};
/* End PBXNativeTarget section */

/* Begin PBXProject section */
		48B322552BD0C0D600789C97 /* Project object */ = {
			isa = PBXProject;
			attributes = {
				BuildIndependentTargetsInParallel = 1;
				LastSwiftUpdateCheck = 1520;
				LastUpgradeCheck = 1520;
				TargetAttributes = {
					48B3225C2BD0C0D600789C97 = {
						CreatedOnToolsVersion = 15.2;
					};
					48B322722BD0C0DB00789C97 = {
						CreatedOnToolsVersion = 15.2;
						TestTargetID = 48B3225C2BD0C0D600789C97;
					};
					48B3227C2BD0C0DB00789C97 = {
						CreatedOnToolsVersion = 15.2;
						TestTargetID = 48B3225C2BD0C0D600789C97;
					};
				};
			};
			buildConfigurationList = 48B322582BD0C0D600789C97 /* Build configuration list for PBXProject "LazyLoadingImage" */;
			compatibilityVersion = "Xcode 14.0";
			developmentRegion = en;
			hasScannedForEncodings = 0;
			knownRegions = (
				en,
				Base,
			);
			mainGroup = 48B322542BD0C0D600789C97;
			productRefGroup = 48B3225E2BD0C0D600789C97 /* Products */;
			projectDirPath = "";
			projectRoot = "";
			targets = (
				48B3225C2BD0C0D600789C97 /* LazyLoadingImage */,
				48B322722BD0C0DB00789C97 /* LazyLoadingImageTests */,
				48B3227C2BD0C0DB00789C97 /* LazyLoadingImageUITests */,
			);
		};
/* End PBXProject section */

/* Begin PBXResourcesBuildPhase section */
		48B3225B2BD0C0D600789C97 /* Resources */ = {
			isa = PBXResourcesBuildPhase;
			buildActionMask = 2147483647;
			files = (
				48B3226D2BD0C0DA00789C97 /* LaunchScreen.storyboard in Resources */,
				48B3226A2BD0C0DA00789C97 /* Assets.xcassets in Resources */,
				48B322682BD0C0D600789C97 /* Main.storyboard in Resources */,
			);
			runOnlyForDeploymentPostprocessing = 0;
		};
		48B322712BD0C0DB00789C97 /* Resources */ = {
			isa = PBXResourcesBuildPhase;
			buildActionMask = 2147483647;
			files = (
			);
			runOnlyForDeploymentPostprocessing = 0;
		};
		48B3227B2BD0C0DB00789C97 /* Resources */ = {
			isa = PBXResourcesBuildPhase;
			buildActionMask = 2147483647;
			files = (
			);
			runOnlyForDeploymentPostprocessing = 0;
		};
/* End PBXResourcesBuildPhase section */

/* Begin PBXSourcesBuildPhase section */
		48B322592BD0C0D600789C97 /* Sources */ = {
			isa = PBXSourcesBuildPhase;
			buildActionMask = 2147483647;
			files = (
				48B322652BD0C0D600789C97 /* ViewController.swift in Sources */,
				48B322612BD0C0D600789C97 /* AppDelegate.swift in Sources */,
				48B322632BD0C0D600789C97 /* SceneDelegate.swift in Sources */,
			);
			runOnlyForDeploymentPostprocessing = 0;
		};
		48B3226F2BD0C0DB00789C97 /* Sources */ = {
			isa = PBXSourcesBuildPhase;
			buildActionMask = 2147483647;
			files = (
				48B322782BD0C0DB00789C97 /* LazyLoadingImageTests.swift in Sources */,
			);
			runOnlyForDeploymentPostprocessing = 0;
		};
		48B322792BD0C0DB00789C97 /* Sources */ = {
			isa = PBXSourcesBuildPhase;
			buildActionMask = 2147483647;
			files = (
				48B322822BD0C0DB00789C97 /* LazyLoadingImageUITests.swift in Sources */,
				48B322842BD0C0DB00789C97 /* LazyLoadingImageUITestsLaunchTests.swift in Sources */,
			);
			runOnlyForDeploymentPostprocessing = 0;
		};
/* End PBXSourcesBuildPhase section */

/* Begin PBXTargetDependency section */
		48B322752BD0C0DB00789C97 /* PBXTargetDependency */ = {
			isa = PBXTargetDependency;
			target = 48B3225C2BD0C0D600789C97 /* LazyLoadingImage */;
			targetProxy = 48B322742BD0C0DB00789C97 /* PBXContainerItemProxy */;
		};
		48B3227F2BD0C0DB00789C97 /* PBXTargetDependency */ = {
			isa = PBXTargetDependency;
			target = 48B3225C2BD0C0D600789C97 /* LazyLoadingImage */;
			targetProxy = 48B3227E2BD0C0DB00789C97 /* PBXContainerItemProxy */;
		};
/* End PBXTargetDependency section */

/* Begin PBXVariantGroup section */
		48B322662BD0C0D600789C97 /* Main.storyboard */ = {
			isa = PBXVariantGroup;
			children = (
				48B322672BD0C0D600789C97 /* Base */,
			);
			name = Main.storyboard;
			sourceTree = "<group>";
		};
		48B3226B2BD0C0DA00789C97 /* LaunchScreen.storyboard */ = {
			isa = PBXVariantGroup;
			children = (
				48B3226C2BD0C0DA00789C97 /* Base */,
			);
			name = LaunchScreen.storyboard;
			sourceTree = "<group>";
		};
/* End PBXVariantGroup section */

/* Begin XCBuildConfiguration section */
		48B322852BD0C0DB00789C97 /* Debug */ = {
			isa = XCBuildConfiguration;
			buildSettings = {
				ALWAYS_SEARCH_USER_PATHS = NO;
				ASSETCATALOG_COMPILER_GENERATE_SWIFT_ASSET_SYMBOL_EXTENSIONS = YES;
				CLANG_ANALYZER_NONNULL = YES;
				CLANG_ANALYZER_NUMBER_OBJECT_CONVERSION = YES_AGGRESSIVE;
				CLANG_CXX_LANGUAGE_STANDARD = "gnu++20";
				CLANG_ENABLE_MODULES = YES;
				CLANG_ENABLE_OBJC_ARC = YES;
				CLANG_ENABLE_OBJC_WEAK = YES;
				CLANG_WARN_BLOCK_CAPTURE_AUTORELEASING = YES;
				CLANG_WARN_BOOL_CONVERSION = YES;
				CLANG_WARN_COMMA = YES;
				CLANG_WARN_CONSTANT_CONVERSION = YES;
				CLANG_WARN_DEPRECATED_OBJC_IMPLEMENTATIONS = YES;
				CLANG_WARN_DIRECT_OBJC_ISA_USAGE = YES_ERROR;
				CLANG_WARN_DOCUMENTATION_COMMENTS = YES;
				CLANG_WARN_EMPTY_BODY = YES;
				CLANG_WARN_ENUM_CONVERSION = YES;
				CLANG_WARN_INFINITE_RECURSION = YES;
				CLANG_WARN_INT_CONVERSION = YES;
				CLANG_WARN_NON_LITERAL_NULL_CONVERSION = YES;
				CLANG_WARN_OBJC_IMPLICIT_RETAIN_SELF = YES;
				CLANG_WARN_OBJC_LITERAL_CONVERSION = YES;
				CLANG_WARN_OBJC_ROOT_CLASS = YES_ERROR;
				CLANG_WARN_QUOTED_INCLUDE_IN_FRAMEWORK_HEADER = YES;
				CLANG_WARN_RANGE_LOOP_ANALYSIS = YES;
				CLANG_WARN_STRICT_PROTOTYPES = YES;
				CLANG_WARN_SUSPICIOUS_MOVE = YES;
				CLANG_WARN_UNGUARDED_AVAILABILITY = YES_AGGRESSIVE;
				CLANG_WARN_UNREACHABLE_CODE = YES;
				CLANG_WARN__DUPLICATE_METHOD_MATCH = YES;
				COPY_PHASE_STRIP = NO;
				DEBUG_INFORMATION_FORMAT = dwarf;
				ENABLE_STRICT_OBJC_MSGSEND = YES;
				ENABLE_TESTABILITY = YES;
				ENABLE_USER_SCRIPT_SANDBOXING = YES;
				GCC_C_LANGUAGE_STANDARD = gnu17;
				GCC_DYNAMIC_NO_PIC = NO;
				GCC_NO_COMMON_BLOCKS = YES;
				GCC_OPTIMIZATION_LEVEL = 0;
				GCC_PREPROCESSOR_DEFINITIONS = (
					"DEBUG=1",
					"$(inherited)",
				);
				GCC_WARN_64_TO_32_BIT_CONVERSION = YES;
				GCC_WARN_ABOUT_RETURN_TYPE = YES_ERROR;
				GCC_WARN_UNDECLARED_SELECTOR = YES;
				GCC_WARN_UNINITIALIZED_AUTOS = YES_AGGRESSIVE;
				GCC_WARN_UNUSED_FUNCTION = YES;
				GCC_WARN_UNUSED_VARIABLE = YES;
				IPHONEOS_DEPLOYMENT_TARGET = 17.2;
				LOCALIZATION_PREFERS_STRING_CATALOGS = YES;
				MTL_ENABLE_DEBUG_INFO = INCLUDE_SOURCE;
				MTL_FAST_MATH = YES;
				ONLY_ACTIVE_ARCH = YES;
				SDKROOT = iphoneos;
				SWIFT_ACTIVE_COMPILATION_CONDITIONS = "DEBUG $(inherited)";
				SWIFT_OPTIMIZATION_LEVEL = "-Onone";
			};
			name = Debug;
		};
		48B322862BD0C0DB00789C97 /* Release */ = {
			isa = XCBuildConfiguration;
			buildSettings = {
				ALWAYS_SEARCH_USER_PATHS = NO;
				ASSETCATALOG_COMPILER_GENERATE_SWIFT_ASSET_SYMBOL_EXTENSIONS = YES;
				CLANG_ANALYZER_NONNULL = YES;
				CLANG_ANALYZER_NUMBER_OBJECT_CONVERSION = YES_AGGRESSIVE;
				CLANG_CXX_LANGUAGE_STANDARD = "gnu++20";
				CLANG_ENABLE_MODULES = YES;
				CLANG_ENABLE_OBJC_ARC = YES;
				CLANG_ENABLE_OBJC_WEAK = YES;
				CLANG_WARN_BLOCK_CAPTURE_AUTORELEASING = YES;
				CLANG_WARN_BOOL_CONVERSION = YES;
				CLANG_WARN_COMMA = YES;
				CLANG_WARN_CONSTANT_CONVERSION = YES;
				CLANG_WARN_DEPRECATED_OBJC_IMPLEMENTATIONS = YES;
				CLANG_WARN_DIRECT_OBJC_ISA_USAGE = YES_ERROR;
				CLANG_WARN_DOCUMENTATION_COMMENTS = YES;
				CLANG_WARN_EMPTY_BODY = YES;
				CLANG_WARN_ENUM_CONVERSION = YES;
				CLANG_WARN_INFINITE_RECURSION = YES;
				CLANG_WARN_INT_CONVERSION = YES;
				CLANG_WARN_NON_LITERAL_NULL_CONVERSION = YES;
				CLANG_WARN_OBJC_IMPLICIT_RETAIN_SELF = YES;
				CLANG_WARN_OBJC_LITERAL_CONVERSION = YES;
				CLANG_WARN_OBJC_ROOT_CLASS = YES_ERROR;
				CLANG_WARN_QUOTED_INCLUDE_IN_FRAMEWORK_HEADER = YES;
				CLANG_WARN_RANGE_LOOP_ANALYSIS = YES;
				CLANG_WARN_STRICT_PROTOTYPES = YES;
				CLANG_WARN_SUSPICIOUS_MOVE = YES;
				CLANG_WARN_UNGUARDED_AVAILABILITY = YES_AGGRESSIVE;
				CLANG_WARN_UNREACHABLE_CODE = YES;
				CLANG_WARN__DUPLICATE_METHOD_MATCH = YES;
				COPY_PHASE_STRIP = NO;
				DEBUG_INFORMATION_FORMAT = "dwarf-with-dsym";
				ENABLE_NS_ASSERTIONS = NO;
				ENABLE_STRICT_OBJC_MSGSEND = YES;
				ENABLE_USER_SCRIPT_SANDBOXING = YES;
				GCC_C_LANGUAGE_STANDARD = gnu17;
				GCC_NO_COMMON_BLOCKS = YES;
				GCC_WARN_64_TO_32_BIT_CONVERSION = YES;
				GCC_WARN_ABOUT_RETURN_TYPE = YES_ERROR;
				GCC_WARN_UNDECLARED_SELECTOR = YES;
				GCC_WARN_UNINITIALIZED_AUTOS = YES_AGGRESSIVE;
				GCC_WARN_UNUSED_FUNCTION = YES;
				GCC_WARN_UNUSED_VARIABLE = YES;
				IPHONEOS_DEPLOYMENT_TARGET = 17.2;
				LOCALIZATION_PREFERS_STRING_CATALOGS = YES;
				MTL_ENABLE_DEBUG_INFO = NO;
				MTL_FAST_MATH = YES;
				SDKROOT = iphoneos;
				SWIFT_COMPILATION_MODE = wholemodule;
				VALIDATE_PRODUCT = YES;
			};
			name = Release;
		};
		48B322882BD0C0DB00789C97 /* Debug */ = {
			isa = XCBuildConfiguration;
			buildSettings = {
				ASSETCATALOG_COMPILER_APPICON_NAME = AppIcon;
				ASSETCATALOG_COMPILER_GLOBAL_ACCENT_COLOR_NAME = AccentColor;
				CODE_SIGN_STYLE = Automatic;
				CURRENT_PROJECT_VERSION = 1;
				GENERATE_INFOPLIST_FILE = YES;
				INFOPLIST_FILE = LazyLoadingImage/Info.plist;
				INFOPLIST_KEY_UIApplicationSupportsIndirectInputEvents = YES;
				INFOPLIST_KEY_UILaunchStoryboardName = LaunchScreen;
				INFOPLIST_KEY_UIMainStoryboardFile = Main;
				INFOPLIST_KEY_UISupportedInterfaceOrientations_iPad = "UIInterfaceOrientationPortrait UIInterfaceOrientationPortraitUpsideDown UIInterfaceOrientationLandscapeLeft UIInterfaceOrientationLandscapeRight";
				INFOPLIST_KEY_UISupportedInterfaceOrientations_iPhone = "UIInterfaceOrientationPortrait UIInterfaceOrientationLandscapeLeft UIInterfaceOrientationLandscapeRight";
				LD_RUNPATH_SEARCH_PATHS = (
					"$(inherited)",
					"@executable_path/Frameworks",
				);
				MARKETING_VERSION = 1.0;
				PRODUCT_BUNDLE_IDENTIFIER = jamal.LazyLoadingImage;
				PRODUCT_NAME = "$(TARGET_NAME)";
				SWIFT_EMIT_LOC_STRINGS = YES;
				SWIFT_VERSION = 5.0;
				TARGETED_DEVICE_FAMILY = "1,2";
			};
			name = Debug;
		};
		48B322892BD0C0DB00789C97 /* Release */ = {
			isa = XCBuildConfiguration;
			buildSettings = {
				ASSETCATALOG_COMPILER_APPICON_NAME = AppIcon;
				ASSETCATALOG_COMPILER_GLOBAL_ACCENT_COLOR_NAME = AccentColor;
				CODE_SIGN_STYLE = Automatic;
				CURRENT_PROJECT_VERSION = 1;
				GENERATE_INFOPLIST_FILE = YES;
				INFOPLIST_FILE = LazyLoadingImage/Info.plist;
				INFOPLIST_KEY_UIApplicationSupportsIndirectInputEvents = YES;
				INFOPLIST_KEY_UILaunchStoryboardName = LaunchScreen;
				INFOPLIST_KEY_UIMainStoryboardFile = Main;
				INFOPLIST_KEY_UISupportedInterfaceOrientations_iPad = "UIInterfaceOrientationPortrait UIInterfaceOrientationPortraitUpsideDown UIInterfaceOrientationLandscapeLeft UIInterfaceOrientationLandscapeRight";
				INFOPLIST_KEY_UISupportedInterfaceOrientations_iPhone = "UIInterfaceOrientationPortrait UIInterfaceOrientationLandscapeLeft UIInterfaceOrientationLandscapeRight";
				LD_RUNPATH_SEARCH_PATHS = (
					"$(inherited)",
					"@executable_path/Frameworks",
				);
				MARKETING_VERSION = 1.0;
				PRODUCT_BUNDLE_IDENTIFIER = jamal.LazyLoadingImage;
				PRODUCT_NAME = "$(TARGET_NAME)";
				SWIFT_EMIT_LOC_STRINGS = YES;
				SWIFT_VERSION = 5.0;
				TARGETED_DEVICE_FAMILY = "1,2";
			};
			name = Release;
		};
		48B3228B2BD0C0DB00789C97 /* Debug */ = {
			isa = XCBuildConfiguration;
			buildSettings = {
				ALWAYS_EMBED_SWIFT_STANDARD_LIBRARIES = YES;
				BUNDLE_LOADER = "$(TEST_HOST)";
				CODE_SIGN_STYLE = Automatic;
				CURRENT_PROJECT_VERSION = 1;
				GENERATE_INFOPLIST_FILE = YES;
				IPHONEOS_DEPLOYMENT_TARGET = 17.2;
				MARKETING_VERSION = 1.0;
				PRODUCT_BUNDLE_IDENTIFIER = jamal.LazyLoadingImageTests;
				PRODUCT_NAME = "$(TARGET_NAME)";
				SWIFT_EMIT_LOC_STRINGS = NO;
				SWIFT_VERSION = 5.0;
				TARGETED_DEVICE_FAMILY = "1,2";
				TEST_HOST = "$(BUILT_PRODUCTS_DIR)/LazyLoadingImage.app/$(BUNDLE_EXECUTABLE_FOLDER_PATH)/LazyLoadingImage";
			};
			name = Debug;
		};
		48B3228C2BD0C0DB00789C97 /* Release */ = {
			isa = XCBuildConfiguration;
			buildSettings = {
				ALWAYS_EMBED_SWIFT_STANDARD_LIBRARIES = YES;
				BUNDLE_LOADER = "$(TEST_HOST)";
				CODE_SIGN_STYLE = Automatic;
				CURRENT_PROJECT_VERSION = 1;
				GENERATE_INFOPLIST_FILE = YES;
				IPHONEOS_DEPLOYMENT_TARGET = 17.2;
				MARKETING_VERSION = 1.0;
				PRODUCT_BUNDLE_IDENTIFIER = jamal.LazyLoadingImageTests;
				PRODUCT_NAME = "$(TARGET_NAME)";
				SWIFT_EMIT_LOC_STRINGS = NO;
				SWIFT_VERSION = 5.0;
				TARGETED_DEVICE_FAMILY = "1,2";
				TEST_HOST = "$(BUILT_PRODUCTS_DIR)/LazyLoadingImage.app/$(BUNDLE_EXECUTABLE_FOLDER_PATH)/LazyLoadingImage";
			};
			name = Release;
		};
		48B3228E2BD0C0DB00789C97 /* Debug */ = {
			isa = XCBuildConfiguration;
			buildSettings = {
				ALWAYS_EMBED_SWIFT_STANDARD_LIBRARIES = YES;
				CODE_SIGN_STYLE = Automatic;
				CURRENT_PROJECT_VERSION = 1;
				GENERATE_INFOPLIST_FILE = YES;
				MARKETING_VERSION = 1.0;
				PRODUCT_BUNDLE_IDENTIFIER = jamal.LazyLoadingImageUITests;
				PRODUCT_NAME = "$(TARGET_NAME)";
				SWIFT_EMIT_LOC_STRINGS = NO;
				SWIFT_VERSION = 5.0;
				TARGETED_DEVICE_FAMILY = "1,2";
				TEST_TARGET_NAME = LazyLoadingImage;
			};
			name = Debug;
		};
		48B3228F2BD0C0DB00789C97 /* Release */ = {
			isa = XCBuildConfiguration;
			buildSettings = {
				ALWAYS_EMBED_SWIFT_STANDARD_LIBRARIES = YES;
				CODE_SIGN_STYLE = Automatic;
				CURRENT_PROJECT_VERSION = 1;
				GENERATE_INFOPLIST_FILE = YES;
				MARKETING_VERSION = 1.0;
				PRODUCT_BUNDLE_IDENTIFIER = jamal.LazyLoadingImageUITests;
				PRODUCT_NAME = "$(TARGET_NAME)";
				SWIFT_EMIT_LOC_STRINGS = NO;
				SWIFT_VERSION = 5.0;
				TARGETED_DEVICE_FAMILY = "1,2";
				TEST_TARGET_NAME = LazyLoadingImage;
			};
			name = Release;
		};
/* End XCBuildConfiguration section */

/* Begin XCConfigurationList section */
		48B322582BD0C0D600789C97 /* Build configuration list for PBXProject "LazyLoadingImage" */ = {
			isa = XCConfigurationList;
			buildConfigurations = (
				48B322852BD0C0DB00789C97 /* Debug */,
				48B322862BD0C0DB00789C97 /* Release */,
			);
			defaultConfigurationIsVisible = 0;
			defaultConfigurationName = Release;
		};
		48B322872BD0C0DB00789C97 /* Build configuration list for PBXNativeTarget "LazyLoadingImage" */ = {
			isa = XCConfigurationList;
			buildConfigurations = (
				48B322882BD0C0DB00789C97 /* Debug */,
				48B322892BD0C0DB00789C97 /* Release */,
			);
			defaultConfigurationIsVisible = 0;
			defaultConfigurationName = Release;
		};
		48B3228A2BD0C0DB00789C97 /* Build configuration list for PBXNativeTarget "LazyLoadingImageTests" */ = {
			isa = XCConfigurationList;
			buildConfigurations = (
				48B3228B2BD0C0DB00789C97 /* Debug */,
				48B3228C2BD0C0DB00789C97 /* Release */,
			);
			defaultConfigurationIsVisible = 0;
			defaultConfigurationName = Release;
		};
		48B3228D2BD0C0DB00789C97 /* Build configuration list for PBXNativeTarget "LazyLoadingImageUITests" */ = {
			isa = XCConfigurationList;
			buildConfigurations = (
				48B3228E2BD0C0DB00789C97 /* Debug */,
				48B3228F2BD0C0DB00789C97 /* Release */,
			);
			defaultConfigurationIsVisible = 0;
			defaultConfigurationName = Release;
		};
/* End XCConfigurationList section */
	};
	rootObject = 48B322552BD0C0D600789C97 /* Project object */;
}
